
Microsoft Visual Studio Solution File, Format Version 12.00
# Visual Studio Version 16
VisualStudioVersion = 16.0.28729.10
MinimumVisualStudioVersion = 10.0.40219.1
Project("{FAE04EC0-301F-11D3-BF4B-00C04F79EFBC}") = "CICDPIPELINE", "CICDPIPELINE\CICDPIPELINE.csproj", "{AACB9528-FA2F-4421-A4B2-50D69BC00367}"
EndProject
Global
	GlobalSection(SolutionConfigurationPlatforms) = preSolution
		Debug|Any CPU = Debug|Any CPU
		Release|Any CPU = Release|Any CPU
	EndGlobalSection
	GlobalSection(ProjectConfigurationPlatforms) = postSolution
		{AACB9528-FA2F-4421-A4B2-50D69BC00367}.Debug|Any CPU.ActiveCfg = Debug|Any CPU
		{AACB9528-FA2F-4421-A4B2-50D69BC00367}.Debug|Any CPU.Build.0 = Debug|Any CPU
		{AACB9528-FA2F-4421-A4B2-50D69BC00367}.Release|Any CPU.ActiveCfg = Release|Any CPU
		{AACB9528-FA2F-4421-A4B2-50D69BC00367}.Release|Any CPU.Build.0 = Release|Any CPU
	EndGlobalSection
	GlobalSection(SolutionProperties) = preSolution
		HideSolutionNode = FALSE
	EndGlobalSection
	GlobalSection(ExtensibilityGlobals) = postSolution
		SolutionGuid = {35897C03-748E-4BBE-BB6D-CDF7AD771624}
	EndGlobalSection
EndGlobal
